
Microsoft Visual Studio Solution File, Format Version 12.00
# Visual Studio 14
VisualStudioVersion = 14.0.23107.0
MinimumVisualStudioVersion = 10.0.40219.1
Project("{FAE04EC0-301F-11D3-BF4B-00C04F79EFBC}") = "StravaKing", "StravaKing\StravaKing.csproj", "{393CB7A6-D4E7-42C0-B30A-33D8DD938EFA}"
EndProject
Project("{FAE04EC0-301F-11D3-BF4B-00C04F79EFBC}") = "SK.Library", "SK.Library\SK.Library.csproj", "{35F9A137-DA34-4CB9-97BE-98428C8C0EC4}"
EndProject
Global
	GlobalSection(SolutionConfigurationPlatforms) = preSolution
		Debug|Any CPU = Debug|Any CPU
		Release|Any CPU = Release|Any CPU
	EndGlobalSection
	GlobalSection(ProjectConfigurationPlatforms) = postSolution
		{393CB7A6-D4E7-42C0-B30A-33D8DD938EFA}.Debug|Any CPU.ActiveCfg = Debug|Any CPU
		{393CB7A6-D4E7-42C0-B30A-33D8DD938EFA}.Debug|Any CPU.Build.0 = Debug|Any CPU
		{393CB7A6-D4E7-42C0-B30A-33D8DD938EFA}.Release|Any CPU.ActiveCfg = Release|Any CPU
		{393CB7A6-D4E7-42C0-B30A-33D8DD938EFA}.Release|Any CPU.Build.0 = Release|Any CPU
		{35F9A137-DA34-4CB9-97BE-98428C8C0EC4}.Debug|Any CPU.ActiveCfg = Debug|Any CPU
		{35F9A137-DA34-4CB9-97BE-98428C8C0EC4}.Debug|Any CPU.Build.0 = Debug|Any CPU
		{35F9A137-DA34-4CB9-97BE-98428C8C0EC4}.Release|Any CPU.ActiveCfg = Release|Any CPU
		{35F9A137-DA34-4CB9-97BE-98428C8C0EC4}.Release|Any CPU.Build.0 = Release|Any CPU
	EndGlobalSection
	GlobalSection(SolutionProperties) = preSolution
		HideSolutionNode = FALSE
	EndGlobalSection
EndGlobal
